{
  "nodes": {
    "cmake": {
      "flake": false,
      "locked": {
        "lastModified": 1660454247,
        "narHash": "sha256-SyvaEsZxhdffuiu5hXG7oIt0B1Jv6GBFSTv6gzrDcc8=",
        "owner": "Kitware",
        "repo": "CMake",
        "rev": "a57ad5eba3419021b7fa2533297575e0e3f6c106",
        "type": "github"
      },
      "original": {
        "owner": "Kitware",
        "repo": "CMake",
        "rev": "a57ad5eba3419021b7fa2533297575e0e3f6c106",
        "type": "github"
      }
    },
    "nixpkgs": {
      "locked": {
        "lastModified": 1660462903,
        "narHash": "sha256-+YlzeWiBAQ0IZyYVvBugGsiBClmUdx03wWCtR3KO6+8=",
        "owner": "NixOS",
        "repo": "nixpkgs",
        "rev": "e523606294c61af3009b24c4b403e22b9fce08a3",
        "type": "github"
      },
      "original": {
        "owner": "NixOS",
        "repo": "nixpkgs",
        "type": "github"
      }
    },
    "root": {
      "inputs": {
        "cmake": "cmake",
        "nixpkgs": "nixpkgs",
        "xournalpp": "xournalpp"
      }
    },
    "xournalpp": {
      "flake": false,
      "locked": {
        "lastModified": 1660468656,
        "narHash": "sha256-2dTwWS4E0Mg771E05EQCH/0QIYisZ484NnXn3hOvdSM=",
        "owner": "chpxu",
        "repo": "xournalpp",
        "rev": "a0b294953ed4cf07774b3bdaf4e9f8c14730dcf6",
        "type": "github"
      },
      "original": {
        "owner": "chpxu",
        "repo": "xournalpp",
        "rev": "a0b294953ed4cf07774b3bdaf4e9f8c14730dcf6",
        "type": "github"
      }
    }
  },
  "root": "root",
  "version": 7
}
